// !$*UTF8*$!
{
	archiveVersion = 1;
	classes = {
	};
	objectVersion = 48;
	objects = {

/* Begin PBXBuildFile section */
		0951B070037702D528E2F573 /* Pods_Smack.framework in Frameworks */ = {isa = PBXBuildFile; fileRef = B70331FB14EAE60F258B5353 /* Pods_Smack.framework */; };
		244080791FB3ACA3001AD7A2 /* AuthService.swift in Sources */ = {isa = PBXBuildFile; fileRef = 244080781FB3ACA3001AD7A2 /* AuthService.swift */; };
		246C99BC1FB37D580054983B /* Constants.swift in Sources */ = {isa = PBXBuildFile; fileRef = 246C99BB1FB37D580054983B /* Constants.swift */; };
		246C99BE1FB382D00054983B /* LoginVCV.swift in Sources */ = {isa = PBXBuildFile; fileRef = 246C99BD1FB382D00054983B /* LoginVCV.swift */; };
		246C99C01FB384420054983B /* CreateAccountVC.swift in Sources */ = {isa = PBXBuildFile; fileRef = 246C99BF1FB384420054983B /* CreateAccountVC.swift */; };
		248C0F031FB3556F00CE6054 /* AppDelegate.swift in Sources */ = {isa = PBXBuildFile; fileRef = 248C0F021FB3556F00CE6054 /* AppDelegate.swift */; };
		248C0F081FB3556F00CE6054 /* Main.storyboard in Resources */ = {isa = PBXBuildFile; fileRef = 248C0F061FB3556F00CE6054 /* Main.storyboard */; };
		248C0F0A1FB3556F00CE6054 /* Assets.xcassets in Resources */ = {isa = PBXBuildFile; fileRef = 248C0F091FB3556F00CE6054 /* Assets.xcassets */; };
		248C0F0D1FB3556F00CE6054 /* LaunchScreen.storyboard in Resources */ = {isa = PBXBuildFile; fileRef = 248C0F0B1FB3556F00CE6054 /* LaunchScreen.storyboard */; };
		248C0F361FB35D7D00CE6054 /* SWRevealViewController.m in Sources */ = {isa = PBXBuildFile; fileRef = 248C0F351FB35D7D00CE6054 /* SWRevealViewController.m */; };
		248C0F3B1FB3605F00CE6054 /* ChatVC.swift in Sources */ = {isa = PBXBuildFile; fileRef = 248C0F3A1FB3605F00CE6054 /* ChatVC.swift */; };
		248C0F3D1FB3606B00CE6054 /* ChannelVC.swift in Sources */ = {isa = PBXBuildFile; fileRef = 248C0F3C1FB3606B00CE6054 /* ChannelVC.swift */; };
		248C0F3F1FB364AE00CE6054 /* GradientView.swift in Sources */ = {isa = PBXBuildFile; fileRef = 248C0F3E1FB364AE00CE6054 /* GradientView.swift */; };
		24BBAA131FB4DD2500195B33 /* RoundedButton.swift in Sources */ = {isa = PBXBuildFile; fileRef = 24BBAA121FB4DD2500195B33 /* RoundedButton.swift */; };
/* End PBXBuildFile section */

/* Begin PBXFileReference section */
		17F232BA69B69E93733CEE01 /* Pods-Smack.release.xcconfig */ = {isa = PBXFileReference; includeInIndex = 1; lastKnownFileType = text.xcconfig; name = "Pods-Smack.release.xcconfig"; path = "Pods/Target Support Files/Pods-Smack/Pods-Smack.release.xcconfig"; sourceTree = "<group>"; };
		244080781FB3ACA3001AD7A2 /* AuthService.swift */ = {isa = PBXFileReference; lastKnownFileType = sourcecode.swift; path = AuthService.swift; sourceTree = "<group>"; };
		246C99BB1FB37D580054983B /* Constants.swift */ = {isa = PBXFileReference; lastKnownFileType = sourcecode.swift; path = Constants.swift; sourceTree = "<group>"; };
		246C99BD1FB382D00054983B /* LoginVCV.swift */ = {isa = PBXFileReference; lastKnownFileType = sourcecode.swift; path = LoginVCV.swift; sourceTree = "<group>"; };
		246C99BF1FB384420054983B /* CreateAccountVC.swift */ = {isa = PBXFileReference; lastKnownFileType = sourcecode.swift; path = CreateAccountVC.swift; sourceTree = "<group>"; };
		248C0EFF1FB3556F00CE6054 /* Smack.app */ = {isa = PBXFileReference; explicitFileType = wrapper.application; includeInIndex = 0; path = Smack.app; sourceTree = BUILT_PRODUCTS_DIR; };
		248C0F021FB3556F00CE6054 /* AppDelegate.swift */ = {isa = PBXFileReference; lastKnownFileType = sourcecode.swift; path = AppDelegate.swift; sourceTree = "<group>"; };
		248C0F071FB3556F00CE6054 /* Base */ = {isa = PBXFileReference; lastKnownFileType = file.storyboard; name = Base; path = Base.lproj/Main.storyboard; sourceTree = "<group>"; };
		248C0F091FB3556F00CE6054 /* Assets.xcassets */ = {isa = PBXFileReference; lastKnownFileType = folder.assetcatalog; path = Assets.xcassets; sourceTree = "<group>"; };
		248C0F0C1FB3556F00CE6054 /* Base */ = {isa = PBXFileReference; lastKnownFileType = file.storyboard; name = Base; path = Base.lproj/LaunchScreen.storyboard; sourceTree = "<group>"; };
		248C0F0E1FB3556F00CE6054 /* Info.plist */ = {isa = PBXFileReference; lastKnownFileType = text.plist.xml; path = Info.plist; sourceTree = "<group>"; };
		248C0F331FB35D7C00CE6054 /* Smack-Bridging-Header.h */ = {isa = PBXFileReference; lastKnownFileType = sourcecode.c.h; path = "Smack-Bridging-Header.h"; sourceTree = "<group>"; };
		248C0F341FB35D7C00CE6054 /* SWRevealViewController.h */ = {isa = PBXFileReference; fileEncoding = 4; lastKnownFileType = sourcecode.c.h; path = SWRevealViewController.h; sourceTree = "<group>"; };
		248C0F351FB35D7D00CE6054 /* SWRevealViewController.m */ = {isa = PBXFileReference; fileEncoding = 4; lastKnownFileType = sourcecode.c.objc; path = SWRevealViewController.m; sourceTree = "<group>"; };
		248C0F3A1FB3605F00CE6054 /* ChatVC.swift */ = {isa = PBXFileReference; lastKnownFileType = sourcecode.swift; path = ChatVC.swift; sourceTree = "<group>"; };
		248C0F3C1FB3606B00CE6054 /* ChannelVC.swift */ = {isa = PBXFileReference; lastKnownFileType = sourcecode.swift; path = ChannelVC.swift; sourceTree = "<group>"; };
		248C0F3E1FB364AE00CE6054 /* GradientView.swift */ = {isa = PBXFileReference; lastKnownFileType = sourcecode.swift; path = GradientView.swift; sourceTree = "<group>"; };
		24BBAA121FB4DD2500195B33 /* RoundedButton.swift */ = {isa = PBXFileReference; lastKnownFileType = sourcecode.swift; path = RoundedButton.swift; sourceTree = "<group>"; };
		B6DFA9956E901B9DDF8A76CC /* Pods-Smack.debug.xcconfig */ = {isa = PBXFileReference; includeInIndex = 1; lastKnownFileType = text.xcconfig; name = "Pods-Smack.debug.xcconfig"; path = "Pods/Target Support Files/Pods-Smack/Pods-Smack.debug.xcconfig"; sourceTree = "<group>"; };
		B70331FB14EAE60F258B5353 /* Pods_Smack.framework */ = {isa = PBXFileReference; explicitFileType = wrapper.framework; includeInIndex = 0; path = Pods_Smack.framework; sourceTree = BUILT_PRODUCTS_DIR; };
/* End PBXFileReference section */

/* Begin PBXFrameworksBuildPhase section */
		248C0EFC1FB3556F00CE6054 /* Frameworks */ = {
			isa = PBXFrameworksBuildPhase;
			buildActionMask = 2147483647;
			files = (
				0951B070037702D528E2F573 /* Pods_Smack.framework in Frameworks */,
			);
			runOnlyForDeploymentPostprocessing = 0;
		};
/* End PBXFrameworksBuildPhase section */

/* Begin PBXGroup section */
		244080771FB3AC8F001AD7A2 /* Services */ = {
			isa = PBXGroup;
			children = (
				244080781FB3ACA3001AD7A2 /* AuthService.swift */,
			);
			path = Services;
			sourceTree = "<group>";
		};
		246C99BA1FB37D3D0054983B /* Utilities */ = {
			isa = PBXGroup;
			children = (
				246C99BB1FB37D580054983B /* Constants.swift */,
			);
			path = Utilities;
			sourceTree = "<group>";
		};
		248C0EF61FB3556F00CE6054 = {
			isa = PBXGroup;
			children = (
				248C0F011FB3556F00CE6054 /* Smack */,
				248C0F001FB3556F00CE6054 /* Products */,
				548C467AB5C1B5125EAD5EB1 /* Pods */,
				BB474970DB891659D72E9F6F /* Frameworks */,
			);
			sourceTree = "<group>";
		};
		248C0F001FB3556F00CE6054 /* Products */ = {
			isa = PBXGroup;
			children = (
				248C0EFF1FB3556F00CE6054 /* Smack.app */,
			);
			name = Products;
			sourceTree = "<group>";
		};
		248C0F011FB3556F00CE6054 /* Smack */ = {
			isa = PBXGroup;
			children = (
				244080771FB3AC8F001AD7A2 /* Services */,
				246C99BA1FB37D3D0054983B /* Utilities */,
				248C0F391FB3603B00CE6054 /* Model */,
				248C0F381FB3603600CE6054 /* View */,
				248C0F371FB3602E00CE6054 /* Controller */,
				248C0F321FB35D4E00CE6054 /* Supporting Files */,
				248C0F021FB3556F00CE6054 /* AppDelegate.swift */,
				248C0F061FB3556F00CE6054 /* Main.storyboard */,
				248C0F091FB3556F00CE6054 /* Assets.xcassets */,
				248C0F0B1FB3556F00CE6054 /* LaunchScreen.storyboard */,
				248C0F0E1FB3556F00CE6054 /* Info.plist */,
			);
			path = Smack;
			sourceTree = "<group>";
		};
		248C0F321FB35D4E00CE6054 /* Supporting Files */ = {
			isa = PBXGroup;
			children = (
				248C0F341FB35D7C00CE6054 /* SWRevealViewController.h */,
				248C0F351FB35D7D00CE6054 /* SWRevealViewController.m */,
				248C0F331FB35D7C00CE6054 /* Smack-Bridging-Header.h */,
			);
			path = "Supporting Files";
			sourceTree = "<group>";
		};
		248C0F371FB3602E00CE6054 /* Controller */ = {
			isa = PBXGroup;
			children = (
				248C0F3A1FB3605F00CE6054 /* ChatVC.swift */,
				248C0F3C1FB3606B00CE6054 /* ChannelVC.swift */,
				246C99BD1FB382D00054983B /* LoginVCV.swift */,
				246C99BF1FB384420054983B /* CreateAccountVC.swift */,
			);
			path = Controller;
			sourceTree = "<group>";
		};
		248C0F381FB3603600CE6054 /* View */ = {
			isa = PBXGroup;
			children = (
				248C0F3E1FB364AE00CE6054 /* GradientView.swift */,
				24BBAA121FB4DD2500195B33 /* RoundedButton.swift */,
			);
			path = View;
			sourceTree = "<group>";
		};
		248C0F391FB3603B00CE6054 /* Model */ = {
			isa = PBXGroup;
			children = (
			);
			path = Model;
			sourceTree = "<group>";
		};
		548C467AB5C1B5125EAD5EB1 /* Pods */ = {
			isa = PBXGroup;
			children = (
				B6DFA9956E901B9DDF8A76CC /* Pods-Smack.debug.xcconfig */,
				17F232BA69B69E93733CEE01 /* Pods-Smack.release.xcconfig */,
			);
			name = Pods;
			sourceTree = "<group>";
		};
		BB474970DB891659D72E9F6F /* Frameworks */ = {
			isa = PBXGroup;
			children = (
				B70331FB14EAE60F258B5353 /* Pods_Smack.framework */,
			);
			name = Frameworks;
			sourceTree = "<group>";
		};
/* End PBXGroup section */

/* Begin PBXNativeTarget section */
		248C0EFE1FB3556F00CE6054 /* Smack */ = {
			isa = PBXNativeTarget;
			buildConfigurationList = 248C0F111FB3556F00CE6054 /* Build configuration list for PBXNativeTarget "Smack" */;
			buildPhases = (
				1AD5E9C584E16C1AA6EF5CAF /* [CP] Check Pods Manifest.lock */,
				248C0EFB1FB3556F00CE6054 /* Sources */,
				248C0EFC1FB3556F00CE6054 /* Frameworks */,
				248C0EFD1FB3556F00CE6054 /* Resources */,
				982EC5EC2BC5A7B74C34B8D2 /* [CP] Embed Pods Frameworks */,
				186D90631590597401EF1022 /* [CP] Copy Pods Resources */,
			);
			buildRules = (
			);
			dependencies = (
			);
			name = Smack;
			productName = Smack;
			productReference = 248C0EFF1FB3556F00CE6054 /* Smack.app */;
			productType = "com.apple.product-type.application";
		};
/* End PBXNativeTarget section */

/* Begin PBXProject section */
		248C0EF71FB3556F00CE6054 /* Project object */ = {
			isa = PBXProject;
			attributes = {
				LastSwiftUpdateCheck = 0910;
				LastUpgradeCheck = 0910;
				ORGANIZATIONNAME = Nikita;
				TargetAttributes = {
					248C0EFE1FB3556F00CE6054 = {
						CreatedOnToolsVersion = 9.1;
						LastSwiftMigration = 0910;
						ProvisioningStyle = Automatic;
					};
				};
			};
			buildConfigurationList = 248C0EFA1FB3556F00CE6054 /* Build configuration list for PBXProject "Smack" */;
			compatibilityVersion = "Xcode 8.0";
			developmentRegion = en;
			hasScannedForEncodings = 0;
			knownRegions = (
				en,
				Base,
			);
			mainGroup = 248C0EF61FB3556F00CE6054;
			productRefGroup = 248C0F001FB3556F00CE6054 /* Products */;
			projectDirPath = "";
			projectRoot = "";
			targets = (
				248C0EFE1FB3556F00CE6054 /* Smack */,
			);
		};
/* End PBXProject section */

/* Begin PBXResourcesBuildPhase section */
		248C0EFD1FB3556F00CE6054 /* Resources */ = {
			isa = PBXResourcesBuildPhase;
			buildActionMask = 2147483647;
			files = (
				248C0F0D1FB3556F00CE6054 /* LaunchScreen.storyboard in Resources */,
				248C0F0A1FB3556F00CE6054 /* Assets.xcassets in Resources */,
				248C0F081FB3556F00CE6054 /* Main.storyboard in Resources */,
			);
			runOnlyForDeploymentPostprocessing = 0;
		};
/* End PBXResourcesBuildPhase section */

/* Begin PBXShellScriptBuildPhase section */
		186D90631590597401EF1022 /* [CP] Copy Pods Resources */ = {
			isa = PBXShellScriptBuildPhase;
			buildActionMask = 2147483647;
			files = (
			);
			inputPaths = (
			);
			name = "[CP] Copy Pods Resources";
			outputPaths = (
			);
			runOnlyForDeploymentPostprocessing = 0;
			shellPath = /bin/sh;
			shellScript = "\"${SRCROOT}/Pods/Target Support Files/Pods-Smack/Pods-Smack-resources.sh\"\n";
			showEnvVarsInLog = 0;
		};
		1AD5E9C584E16C1AA6EF5CAF /* [CP] Check Pods Manifest.lock */ = {
			isa = PBXShellScriptBuildPhase;
			buildActionMask = 2147483647;
			files = (
			);
			inputPaths = (
			);
			name = "[CP] Check Pods Manifest.lock";
			outputPaths = (
			);
			runOnlyForDeploymentPostprocessing = 0;
			shellPath = /bin/sh;
			shellScript = "diff \"${PODS_ROOT}/../Podfile.lock\" \"${PODS_ROOT}/Manifest.lock\" > /dev/null\nif [ $? != 0 ] ; then\n    # print error to STDERR\n    echo \"error: The sandbox is not in sync with the Podfile.lock. Run 'pod install' or update your CocoaPods installation.\" >&2\n    exit 1\nfi\n";
			showEnvVarsInLog = 0;
		};
		982EC5EC2BC5A7B74C34B8D2 /* [CP] Embed Pods Frameworks */ = {
			isa = PBXShellScriptBuildPhase;
			buildActionMask = 2147483647;
			files = (
			);
			inputPaths = (
			);
			name = "[CP] Embed Pods Frameworks";
			outputPaths = (
			);
			runOnlyForDeploymentPostprocessing = 0;
			shellPath = /bin/sh;
			shellScript = "\"${SRCROOT}/Pods/Target Support Files/Pods-Smack/Pods-Smack-frameworks.sh\"\n";
			showEnvVarsInLog = 0;
		};
/* End PBXShellScriptBuildPhase section */

/* Begin PBXSourcesBuildPhase section */
		248C0EFB1FB3556F00CE6054 /* Sources */ = {
			isa = PBXSourcesBuildPhase;
			buildActionMask = 2147483647;
			files = (
				248C0F3D1FB3606B00CE6054 /* ChannelVC.swift in Sources */,
				24BBAA131FB4DD2500195B33 /* RoundedButton.swift in Sources */,
				248C0F3B1FB3605F00CE6054 /* ChatVC.swift in Sources */,
				246C99C01FB384420054983B /* CreateAccountVC.swift in Sources */,
				244080791FB3ACA3001AD7A2 /* AuthService.swift in Sources */,
				248C0F3F1FB364AE00CE6054 /* GradientView.swift in Sources */,
				248C0F031FB3556F00CE6054 /* AppDelegate.swift in Sources */,
				248C0F361FB35D7D00CE6054 /* SWRevealViewController.m in Sources */,
				246C99BC1FB37D580054983B /* Constants.swift in Sources */,
				246C99BE1FB382D00054983B /* LoginVCV.swift in Sources */,
			);
			runOnlyForDeploymentPostprocessing = 0;
		};
/* End PBXSourcesBuildPhase section */

/* Begin PBXVariantGroup section */
		248C0F061FB3556F00CE6054 /* Main.storyboard */ = {
			isa = PBXVariantGroup;
			children = (
				248C0F071FB3556F00CE6054 /* Base */,
			);
			name = Main.storyboard;
			sourceTree = "<group>";
		};
		248C0F0B1FB3556F00CE6054 /* LaunchScreen.storyboard */ = {
			isa = PBXVariantGroup;
			children = (
				248C0F0C1FB3556F00CE6054 /* Base */,
			);
			name = LaunchScreen.storyboard;
			sourceTree = "<group>";
		};
/* End PBXVariantGroup section */

/* Begin XCBuildConfiguration section */
		248C0F0F1FB3556F00CE6054 /* Debug */ = {
			isa = XCBuildConfiguration;
			buildSettings = {
				ALWAYS_SEARCH_USER_PATHS = NO;
				CLANG_ANALYZER_NONNULL = YES;
				CLANG_ANALYZER_NUMBER_OBJECT_CONVERSION = YES_AGGRESSIVE;
				CLANG_CXX_LANGUAGE_STANDARD = "gnu++14";
				CLANG_CXX_LIBRARY = "libc++";
				CLANG_ENABLE_MODULES = YES;
				CLANG_ENABLE_OBJC_ARC = YES;
				CLANG_WARN_BLOCK_CAPTURE_AUTORELEASING = YES;
				CLANG_WARN_BOOL_CONVERSION = YES;
				CLANG_WARN_COMMA = YES;
				CLANG_WARN_CONSTANT_CONVERSION = YES;
				CLANG_WARN_DIRECT_OBJC_ISA_USAGE = YES_ERROR;
				CLANG_WARN_DOCUMENTATION_COMMENTS = YES;
				CLANG_WARN_EMPTY_BODY = YES;
				CLANG_WARN_ENUM_CONVERSION = YES;
				CLANG_WARN_INFINITE_RECURSION = YES;
				CLANG_WARN_INT_CONVERSION = YES;
				CLANG_WARN_NON_LITERAL_NULL_CONVERSION = YES;
				CLANG_WARN_OBJC_LITERAL_CONVERSION = YES;
				CLANG_WARN_OBJC_ROOT_CLASS = YES_ERROR;
				CLANG_WARN_RANGE_LOOP_ANALYSIS = YES;
				CLANG_WARN_STRICT_PROTOTYPES = YES;
				CLANG_WARN_SUSPICIOUS_MOVE = YES;
				CLANG_WARN_UNGUARDED_AVAILABILITY = YES_AGGRESSIVE;
				CLANG_WARN_UNREACHABLE_CODE = YES;
				CLANG_WARN__DUPLICATE_METHOD_MATCH = YES;
				CODE_SIGN_IDENTITY = "iPhone Developer";
				COPY_PHASE_STRIP = NO;
				DEBUG_INFORMATION_FORMAT = dwarf;
				ENABLE_STRICT_OBJC_MSGSEND = YES;
				ENABLE_TESTABILITY = YES;
				GCC_C_LANGUAGE_STANDARD = gnu11;
				GCC_DYNAMIC_NO_PIC = NO;
				GCC_NO_COMMON_BLOCKS = YES;
				GCC_OPTIMIZATION_LEVEL = 0;
				GCC_PREPROCESSOR_DEFINITIONS = (
					"DEBUG=1",
					"$(inherited)",
				);
				GCC_WARN_64_TO_32_BIT_CONVERSION = YES;
				GCC_WARN_ABOUT_RETURN_TYPE = YES_ERROR;
				GCC_WARN_UNDECLARED_SELECTOR = YES;
				GCC_WARN_UNINITIALIZED_AUTOS = YES_AGGRESSIVE;
				GCC_WARN_UNUSED_FUNCTION = YES;
				GCC_WARN_UNUSED_VARIABLE = YES;
				IPHONEOS_DEPLOYMENT_TARGET = 11.1;
				MTL_ENABLE_DEBUG_INFO = YES;
				ONLY_ACTIVE_ARCH = YES;
				SDKROOT = iphoneos;
				SWIFT_ACTIVE_COMPILATION_CONDITIONS = DEBUG;
				SWIFT_OPTIMIZATION_LEVEL = "-Onone";
			};
			name = Debug;
		};
		248C0F101FB3556F00CE6054 /* Release */ = {
			isa = XCBuildConfiguration;
			buildSettings = {
				ALWAYS_SEARCH_USER_PATHS = NO;
				CLANG_ANALYZER_NONNULL = YES;
				CLANG_ANALYZER_NUMBER_OBJECT_CONVERSION = YES_AGGRESSIVE;
				CLANG_CXX_LANGUAGE_STANDARD = "gnu++14";
				CLANG_CXX_LIBRARY = "libc++";
				CLANG_ENABLE_MODULES = YES;
				CLANG_ENABLE_OBJC_ARC = YES;
				CLANG_WARN_BLOCK_CAPTURE_AUTORELEASING = YES;
				CLANG_WARN_BOOL_CONVERSION = YES;
				CLANG_WARN_COMMA = YES;
				CLANG_WARN_CONSTANT_CONVERSION = YES;
				CLANG_WARN_DIRECT_OBJC_ISA_USAGE = YES_ERROR;
				CLANG_WARN_DOCUMENTATION_COMMENTS = YES;
				CLANG_WARN_EMPTY_BODY = YES;
				CLANG_WARN_ENUM_CONVERSION = YES;
				CLANG_WARN_INFINITE_RECURSION = YES;
				CLANG_WARN_INT_CONVERSION = YES;
				CLANG_WARN_NON_LITERAL_NULL_CONVERSION = YES;
				CLANG_WARN_OBJC_LITERAL_CONVERSION = YES;
				CLANG_WARN_OBJC_ROOT_CLASS = YES_ERROR;
				CLANG_WARN_RANGE_LOOP_ANALYSIS = YES;
				CLANG_WARN_STRICT_PROTOTYPES = YES;
				CLANG_WARN_SUSPICIOUS_MOVE = YES;
				CLANG_WARN_UNGUARDED_AVAILABILITY = YES_AGGRESSIVE;
				CLANG_WARN_UNREACHABLE_CODE = YES;
				CLANG_WARN__DUPLICATE_METHOD_MATCH = YES;
				CODE_SIGN_IDENTITY = "iPhone Developer";
				COPY_PHASE_STRIP = NO;
				DEBUG_INFORMATION_FORMAT = "dwarf-with-dsym";
				ENABLE_NS_ASSERTIONS = NO;
				ENABLE_STRICT_OBJC_MSGSEND = YES;
				GCC_C_LANGUAGE_STANDARD = gnu11;
				GCC_NO_COMMON_BLOCKS = YES;
				GCC_WARN_64_TO_32_BIT_CONVERSION = YES;
				GCC_WARN_ABOUT_RETURN_TYPE = YES_ERROR;
				GCC_WARN_UNDECLARED_SELECTOR = YES;
				GCC_WARN_UNINITIALIZED_AUTOS = YES_AGGRESSIVE;
				GCC_WARN_UNUSED_FUNCTION = YES;
				GCC_WARN_UNUSED_VARIABLE = YES;
				IPHONEOS_DEPLOYMENT_TARGET = 11.1;
				MTL_ENABLE_DEBUG_INFO = NO;
				SDKROOT = iphoneos;
				SWIFT_OPTIMIZATION_LEVEL = "-Owholemodule";
				VALIDATE_PRODUCT = YES;
			};
			name = Release;
		};
		248C0F121FB3556F00CE6054 /* Debug */ = {
			isa = XCBuildConfiguration;
			baseConfigurationReference = B6DFA9956E901B9DDF8A76CC /* Pods-Smack.debug.xcconfig */;
			buildSettings = {
				ASSETCATALOG_COMPILER_APPICON_NAME = AppIcon;
				CLANG_ENABLE_MODULES = YES;
				CODE_SIGN_STYLE = Automatic;
				DEVELOPMENT_TEAM = JEMURX983H;
				INFOPLIST_FILE = Smack/Info.plist;
				LD_RUNPATH_SEARCH_PATHS = "$(inherited) @executable_path/Frameworks";
				PRODUCT_BUNDLE_IDENTIFIER = com.zhenik.ios.Smack;
				PRODUCT_NAME = "$(TARGET_NAME)";
				SWIFT_OBJC_BRIDGING_HEADER = "Smack/Supporting Files/Smack-Bridging-Header.h";
				SWIFT_OPTIMIZATION_LEVEL = "-Onone";
				SWIFT_VERSION = 4.0;
				TARGETED_DEVICE_FAMILY = "1,2";
			};
			name = Debug;
		};
		248C0F131FB3556F00CE6054 /* Release */ = {
			isa = XCBuildConfiguration;
			baseConfigurationReference = 17F232BA69B69E93733CEE01 /* Pods-Smack.release.xcconfig */;
			buildSettings = {
				ASSETCATALOG_COMPILER_APPICON_NAME = AppIcon;
				CLANG_ENABLE_MODULES = YES;
				CODE_SIGN_STYLE = Automatic;
				DEVELOPMENT_TEAM = JEMURX983H;
				INFOPLIST_FILE = Smack/Info.plist;
				LD_RUNPATH_SEARCH_PATHS = "$(inherited) @executable_path/Frameworks";
				PRODUCT_BUNDLE_IDENTIFIER = com.zhenik.ios.Smack;
				PRODUCT_NAME = "$(TARGET_NAME)";
				SWIFT_OBJC_BRIDGING_HEADER = "Smack/Supporting Files/Smack-Bridging-Header.h";
				SWIFT_VERSION = 4.0;
				TARGETED_DEVICE_FAMILY = "1,2";
			};
			name = Release;
		};
/* End XCBuildConfiguration section */

/* Begin XCConfigurationList section */
		248C0EFA1FB3556F00CE6054 /* Build configuration list for PBXProject "Smack" */ = {
			isa = XCConfigurationList;
			buildConfigurations = (
				248C0F0F1FB3556F00CE6054 /* Debug */,
				248C0F101FB3556F00CE6054 /* Release */,
			);
			defaultConfigurationIsVisible = 0;
			defaultConfigurationName = Release;
		};
		248C0F111FB3556F00CE6054 /* Build configuration list for PBXNativeTarget "Smack" */ = {
			isa = XCConfigurationList;
			buildConfigurations = (
				248C0F121FB3556F00CE6054 /* Debug */,
				248C0F131FB3556F00CE6054 /* Release */,
			);
			defaultConfigurationIsVisible = 0;
			defaultConfigurationName = Release;
		};
/* End XCConfigurationList section */
	};
	rootObject = 248C0EF71FB3556F00CE6054 /* Project object */;
}
